// !$*UTF8*$!
{
	archiveVersion = 1;
	classes = {
	};
	objectVersion = 56;
	objects = {

/* Begin PBXBuildFile section */
		8506BC7B2B1DF8EC0058D1D4 /* UserManager.swift in Sources */ = {isa = PBXBuildFile; fileRef = 8506BC7A2B1DF8EC0058D1D4 /* UserManager.swift */; };
		8506BC7D2B1DFAF50058D1D4 /* LoginView.swift in Sources */ = {isa = PBXBuildFile; fileRef = 8506BC7C2B1DFAF50058D1D4 /* LoginView.swift */; };
		8506BC8A2B1E0A4D0058D1D4 /* Alerts.swift in Sources */ = {isa = PBXBuildFile; fileRef = 8506BC892B1E0A4D0058D1D4 /* Alerts.swift */; };
		8506BC8C2B1E1D910058D1D4 /* LoginViewModel.swift in Sources */ = {isa = PBXBuildFile; fileRef = 8506BC8B2B1E1D910058D1D4 /* LoginViewModel.swift */; };
		8506BC8E2B1E1DB20058D1D4 /* ForgotPasswordView.swift in Sources */ = {isa = PBXBuildFile; fileRef = 8506BC8D2B1E1DB20058D1D4 /* ForgotPasswordView.swift */; };
		8506BC912B1E23800058D1D4 /* MainView.swift in Sources */ = {isa = PBXBuildFile; fileRef = 8506BC902B1E23800058D1D4 /* MainView.swift */; };
		8511E72B2B04A4EC0092042A /* Google_map_SwiftUIApp.swift in Sources */ = {isa = PBXBuildFile; fileRef = 8511E72A2B04A4EC0092042A /* Google_map_SwiftUIApp.swift */; };
		8511E72D2B04A4EC0092042A /* ContentView.swift in Sources */ = {isa = PBXBuildFile; fileRef = 8511E72C2B04A4EC0092042A /* ContentView.swift */; };
		8511E72F2B04A4ED0092042A /* Assets.xcassets in Resources */ = {isa = PBXBuildFile; fileRef = 8511E72E2B04A4ED0092042A /* Assets.xcassets */; };
		8511E7322B04A4ED0092042A /* Preview Assets.xcassets in Resources */ = {isa = PBXBuildFile; fileRef = 8511E7312B04A4ED0092042A /* Preview Assets.xcassets */; };
		8511E73A2B04A8350092042A /* MapView.swift in Sources */ = {isa = PBXBuildFile; fileRef = 8511E7392B04A8350092042A /* MapView.swift */; };
		8511E73E2B04BA5D0092042A /* MapViewModel.swift in Sources */ = {isa = PBXBuildFile; fileRef = 8511E73D2B04BA5D0092042A /* MapViewModel.swift */; };
		8526F9C22B0688F000F1431F /* MapStyle.swift in Sources */ = {isa = PBXBuildFile; fileRef = 8526F9C12B0688F000F1431F /* MapStyle.swift */; };
		852C3B992B0762160026ED2B /* MapError.swift in Sources */ = {isa = PBXBuildFile; fileRef = 852C3B982B0762160026ED2B /* MapError.swift */; };
		852C3BA22B07A19A0026ED2B /* CustomButton.swift in Sources */ = {isa = PBXBuildFile; fileRef = 852C3BA12B07A19A0026ED2B /* CustomButton.swift */; };
		858A59902B203F24001643C7 /* RegisterView.swift in Sources */ = {isa = PBXBuildFile; fileRef = 858A598F2B203F24001643C7 /* RegisterView.swift */; };
		858A599D2B2051E0001643C7 /* DataBaseAuthProtocol.swift in Sources */ = {isa = PBXBuildFile; fileRef = 858A599C2B2051E0001643C7 /* DataBaseAuthProtocol.swift */; };
		858A599F2B20520C001643C7 /* UserRealmObject.swift in Sources */ = {isa = PBXBuildFile; fileRef = 858A599E2B20520C001643C7 /* UserRealmObject.swift */; };
		858A59A12B20521D001643C7 /* User.swift in Sources */ = {isa = PBXBuildFile; fileRef = 858A59A02B20521D001643C7 /* User.swift */; };
		85A27A772B0FAF850066DA0F /* DataBaseLocationProtocol.swift in Sources */ = {isa = PBXBuildFile; fileRef = 85A27A762B0FAF850066DA0F /* DataBaseLocationProtocol.swift */; };
		85A27A792B0FAF910066DA0F /* PathRealmObject.swift in Sources */ = {isa = PBXBuildFile; fileRef = 85A27A782B0FAF910066DA0F /* PathRealmObject.swift */; };
		85A27A7B2B0FAF9C0066DA0F /* LocationRealmObject.swift in Sources */ = {isa = PBXBuildFile; fileRef = 85A27A7A2B0FAF9C0066DA0F /* LocationRealmObject.swift */; };
		85A27A7D2B0FAFA60066DA0F /* RealmServise.swift in Sources */ = {isa = PBXBuildFile; fileRef = 85A27A7C2B0FAFA60066DA0F /* RealmServise.swift */; };
		85A27A7F2B0FAFB40066DA0F /* RealmError.swift in Sources */ = {isa = PBXBuildFile; fileRef = 85A27A7E2B0FAFB40066DA0F /* RealmError.swift */; };
		8CF5F0E329D72F6F0C5810E1 /* Pods_Google_map_SwiftUI.framework in Frameworks */ = {isa = PBXBuildFile; fileRef = DC2DEF7F1B3011E3B65C2586 /* Pods_Google_map_SwiftUI.framework */; };
/* End PBXBuildFile section */

/* Begin PBXFileReference section */
		04FD1CAE479CF2642A1418CF /* Pods-Google_map_SwiftUI.debug.xcconfig */ = {isa = PBXFileReference; includeInIndex = 1; lastKnownFileType = text.xcconfig; name = "Pods-Google_map_SwiftUI.debug.xcconfig"; path = "Target Support Files/Pods-Google_map_SwiftUI/Pods-Google_map_SwiftUI.debug.xcconfig"; sourceTree = "<group>"; };
		8506BC7A2B1DF8EC0058D1D4 /* UserManager.swift */ = {isa = PBXFileReference; lastKnownFileType = sourcecode.swift; path = UserManager.swift; sourceTree = "<group>"; };
		8506BC7C2B1DFAF50058D1D4 /* LoginView.swift */ = {isa = PBXFileReference; lastKnownFileType = sourcecode.swift; path = LoginView.swift; sourceTree = "<group>"; };
		8506BC892B1E0A4D0058D1D4 /* Alerts.swift */ = {isa = PBXFileReference; lastKnownFileType = sourcecode.swift; path = Alerts.swift; sourceTree = "<group>"; };
		8506BC8B2B1E1D910058D1D4 /* LoginViewModel.swift */ = {isa = PBXFileReference; lastKnownFileType = sourcecode.swift; path = LoginViewModel.swift; sourceTree = "<group>"; };
		8506BC8D2B1E1DB20058D1D4 /* ForgotPasswordView.swift */ = {isa = PBXFileReference; lastKnownFileType = sourcecode.swift; path = ForgotPasswordView.swift; sourceTree = "<group>"; };
		8506BC902B1E23800058D1D4 /* MainView.swift */ = {isa = PBXFileReference; lastKnownFileType = sourcecode.swift; path = MainView.swift; sourceTree = "<group>"; };
		8511E7272B04A4EC0092042A /* Google_map_SwiftUI.app */ = {isa = PBXFileReference; explicitFileType = wrapper.application; includeInIndex = 0; path = Google_map_SwiftUI.app; sourceTree = BUILT_PRODUCTS_DIR; };
		8511E72A2B04A4EC0092042A /* Google_map_SwiftUIApp.swift */ = {isa = PBXFileReference; lastKnownFileType = sourcecode.swift; path = Google_map_SwiftUIApp.swift; sourceTree = "<group>"; };
		8511E72C2B04A4EC0092042A /* ContentView.swift */ = {isa = PBXFileReference; lastKnownFileType = sourcecode.swift; path = ContentView.swift; sourceTree = "<group>"; };
		8511E72E2B04A4ED0092042A /* Assets.xcassets */ = {isa = PBXFileReference; lastKnownFileType = folder.assetcatalog; path = Assets.xcassets; sourceTree = "<group>"; };
		8511E7312B04A4ED0092042A /* Preview Assets.xcassets */ = {isa = PBXFileReference; lastKnownFileType = folder.assetcatalog; path = "Preview Assets.xcassets"; sourceTree = "<group>"; };
		8511E7392B04A8350092042A /* MapView.swift */ = {isa = PBXFileReference; lastKnownFileType = sourcecode.swift; path = MapView.swift; sourceTree = "<group>"; };
		8511E73B2B04B9260092042A /* Google-map-SwiftUI-Info.plist */ = {isa = PBXFileReference; lastKnownFileType = text.plist.xml; path = "Google-map-SwiftUI-Info.plist"; sourceTree = SOURCE_ROOT; };
		8511E73D2B04BA5D0092042A /* MapViewModel.swift */ = {isa = PBXFileReference; lastKnownFileType = sourcecode.swift; path = MapViewModel.swift; sourceTree = "<group>"; };
		8526F9C12B0688F000F1431F /* MapStyle.swift */ = {isa = PBXFileReference; lastKnownFileType = sourcecode.swift; path = MapStyle.swift; sourceTree = "<group>"; };
		852C3B982B0762160026ED2B /* MapError.swift */ = {isa = PBXFileReference; lastKnownFileType = sourcecode.swift; path = MapError.swift; sourceTree = "<group>"; };
		852C3BA12B07A19A0026ED2B /* CustomButton.swift */ = {isa = PBXFileReference; lastKnownFileType = sourcecode.swift; path = CustomButton.swift; sourceTree = "<group>"; };
		858A598F2B203F24001643C7 /* RegisterView.swift */ = {isa = PBXFileReference; lastKnownFileType = sourcecode.swift; path = RegisterView.swift; sourceTree = "<group>"; };
		858A599C2B2051E0001643C7 /* DataBaseAuthProtocol.swift */ = {isa = PBXFileReference; lastKnownFileType = sourcecode.swift; path = DataBaseAuthProtocol.swift; sourceTree = "<group>"; };
		858A599E2B20520C001643C7 /* UserRealmObject.swift */ = {isa = PBXFileReference; lastKnownFileType = sourcecode.swift; path = UserRealmObject.swift; sourceTree = "<group>"; };
		858A59A02B20521D001643C7 /* User.swift */ = {isa = PBXFileReference; lastKnownFileType = sourcecode.swift; path = User.swift; sourceTree = "<group>"; };
		85A27A762B0FAF850066DA0F /* DataBaseLocationProtocol.swift */ = {isa = PBXFileReference; lastKnownFileType = sourcecode.swift; path = DataBaseLocationProtocol.swift; sourceTree = "<group>"; };
		85A27A782B0FAF910066DA0F /* PathRealmObject.swift */ = {isa = PBXFileReference; lastKnownFileType = sourcecode.swift; path = PathRealmObject.swift; sourceTree = "<group>"; };
		85A27A7A2B0FAF9C0066DA0F /* LocationRealmObject.swift */ = {isa = PBXFileReference; lastKnownFileType = sourcecode.swift; path = LocationRealmObject.swift; sourceTree = "<group>"; };
		85A27A7C2B0FAFA60066DA0F /* RealmServise.swift */ = {isa = PBXFileReference; lastKnownFileType = sourcecode.swift; path = RealmServise.swift; sourceTree = "<group>"; };
		85A27A7E2B0FAFB40066DA0F /* RealmError.swift */ = {isa = PBXFileReference; lastKnownFileType = sourcecode.swift; path = RealmError.swift; sourceTree = "<group>"; };
		DC2DEF7F1B3011E3B65C2586 /* Pods_Google_map_SwiftUI.framework */ = {isa = PBXFileReference; explicitFileType = wrapper.framework; includeInIndex = 0; path = Pods_Google_map_SwiftUI.framework; sourceTree = BUILT_PRODUCTS_DIR; };
		E81FA07B0040771F5CE1C1EE /* Pods-Google_map_SwiftUI.release.xcconfig */ = {isa = PBXFileReference; includeInIndex = 1; lastKnownFileType = text.xcconfig; name = "Pods-Google_map_SwiftUI.release.xcconfig"; path = "Target Support Files/Pods-Google_map_SwiftUI/Pods-Google_map_SwiftUI.release.xcconfig"; sourceTree = "<group>"; };
/* End PBXFileReference section */

/* Begin PBXFrameworksBuildPhase section */
		8511E7242B04A4EC0092042A /* Frameworks */ = {
			isa = PBXFrameworksBuildPhase;
			buildActionMask = 2147483647;
			files = (
				8CF5F0E329D72F6F0C5810E1 /* Pods_Google_map_SwiftUI.framework in Frameworks */,
			);
			runOnlyForDeploymentPostprocessing = 0;
		};
/* End PBXFrameworksBuildPhase section */

/* Begin PBXGroup section */
		10526C358A3CC81D9B4F258C /* Pods */ = {
			isa = PBXGroup;
			children = (
				04FD1CAE479CF2642A1418CF /* Pods-Google_map_SwiftUI.debug.xcconfig */,
				E81FA07B0040771F5CE1C1EE /* Pods-Google_map_SwiftUI.release.xcconfig */,
			);
			path = Pods;
			sourceTree = "<group>";
		};
		8506BC782B1DF8A50058D1D4 /* User */ = {
			isa = PBXGroup;
			children = (
				8506BC7A2B1DF8EC0058D1D4 /* UserManager.swift */,
				858A59A02B20521D001643C7 /* User.swift */,
			);
			path = User;
			sourceTree = "<group>";
		};
		8506BC792B1DF8AD0058D1D4 /* Auth */ = {
			isa = PBXGroup;
			children = (
				8506BC7C2B1DFAF50058D1D4 /* LoginView.swift */,
				858A598F2B203F24001643C7 /* RegisterView.swift */,
				8506BC8D2B1E1DB20058D1D4 /* ForgotPasswordView.swift */,
				8506BC8B2B1E1D910058D1D4 /* LoginViewModel.swift */,
			);
			path = Auth;
			sourceTree = "<group>";
		};
		8506BC882B1E0A3B0058D1D4 /* Alert */ = {
			isa = PBXGroup;
			children = (
				8506BC892B1E0A4D0058D1D4 /* Alerts.swift */,
			);
			path = Alert;
			sourceTree = "<group>";
		};
		8506BC8F2B1E23790058D1D4 /* Main */ = {
			isa = PBXGroup;
			children = (
				8506BC902B1E23800058D1D4 /* MainView.swift */,
			);
			path = Main;
			sourceTree = "<group>";
		};
		850F51692B0F5E8E0091405E /* App */ = {
			isa = PBXGroup;
			children = (
				8511E72A2B04A4EC0092042A /* Google_map_SwiftUIApp.swift */,
				8511E72C2B04A4EC0092042A /* ContentView.swift */,
				85A27A742B0FAF5F0066DA0F /* BusinessLogic */,
				852C3B9A2B0762970026ED2B /* Error */,
				852C3B9C2B07630B0026ED2B /* Flows */,
			);
			path = App;
			sourceTree = "<group>";
		};
		850F516A2B0F5EB10091405E /* Resources */ = {
			isa = PBXGroup;
			children = (
				8511E72E2B04A4ED0092042A /* Assets.xcassets */,
			);
			path = Resources;
			sourceTree = "<group>";
		};
		850F516B2B0F60B40091405E /* Custom */ = {
			isa = PBXGroup;
			children = (
				852C3BA12B07A19A0026ED2B /* CustomButton.swift */,
			);
			path = Custom;
			sourceTree = "<group>";
		};
		8511E71E2B04A4EC0092042A = {
			isa = PBXGroup;
			children = (
				8511E73B2B04B9260092042A /* Google-map-SwiftUI-Info.plist */,
				8511E7292B04A4EC0092042A /* Google_map_SwiftUI */,
				8511E7282B04A4EC0092042A /* Products */,
				10526C358A3CC81D9B4F258C /* Pods */,
				FB2A5357E70D30D9450F41CF /* Frameworks */,
			);
			sourceTree = "<group>";
		};
		8511E7282B04A4EC0092042A /* Products */ = {
			isa = PBXGroup;
			children = (
				8511E7272B04A4EC0092042A /* Google_map_SwiftUI.app */,
			);
			name = Products;
			sourceTree = "<group>";
		};
		8511E7292B04A4EC0092042A /* Google_map_SwiftUI */ = {
			isa = PBXGroup;
			children = (
				850F51692B0F5E8E0091405E /* App */,
				852C3B9B2B0762B00026ED2B /* Core */,
				850F516A2B0F5EB10091405E /* Resources */,
				8511E7302B04A4ED0092042A /* Preview Content */,
			);
			path = Google_map_SwiftUI;
			sourceTree = "<group>";
		};
		8511E7302B04A4ED0092042A /* Preview Content */ = {
			isa = PBXGroup;
			children = (
				8511E7312B04A4ED0092042A /* Preview Assets.xcassets */,
			);
			path = "Preview Content";
			sourceTree = "<group>";
		};
		8511E7382B04A8210092042A /* MapView */ = {
			isa = PBXGroup;
			children = (
				8511E73D2B04BA5D0092042A /* MapViewModel.swift */,
				8511E7392B04A8350092042A /* MapView.swift */,
			);
			path = MapView;
			sourceTree = "<group>";
		};
		852C3B9A2B0762970026ED2B /* Error */ = {
			isa = PBXGroup;
			children = (
				852C3B982B0762160026ED2B /* MapError.swift */,
			);
			path = Error;
			sourceTree = "<group>";
		};
		852C3B9B2B0762B00026ED2B /* Core */ = {
			isa = PBXGroup;
			children = (
				8526F9C12B0688F000F1431F /* MapStyle.swift */,
			);
			path = Core;
			sourceTree = "<group>";
		};
		852C3B9C2B07630B0026ED2B /* Flows */ = {
			isa = PBXGroup;
			children = (
				8506BC792B1DF8AD0058D1D4 /* Auth */,
				8506BC8F2B1E23790058D1D4 /* Main */,
				8511E7382B04A8210092042A /* MapView */,
				8506BC882B1E0A3B0058D1D4 /* Alert */,
				8506BC782B1DF8A50058D1D4 /* User */,
				850F516B2B0F60B40091405E /* Custom */,
			);
			path = Flows;
			sourceTree = "<group>";
		};
		858A599A2B205199001643C7 /* Protocols */ = {
			isa = PBXGroup;
			children = (
				85A27A762B0FAF850066DA0F /* DataBaseLocationProtocol.swift */,
				858A599C2B2051E0001643C7 /* DataBaseAuthProtocol.swift */,
			);
			path = Protocols;
			sourceTree = "<group>";
		};
		858A599B2B20519E001643C7 /* Objects */ = {
			isa = PBXGroup;
			children = (
				858A599E2B20520C001643C7 /* UserRealmObject.swift */,
				85A27A7A2B0FAF9C0066DA0F /* LocationRealmObject.swift */,
				85A27A782B0FAF910066DA0F /* PathRealmObject.swift */,
			);
			path = Objects;
			sourceTree = "<group>";
		};
		85A27A742B0FAF5F0066DA0F /* BusinessLogic */ = {
			isa = PBXGroup;
			children = (
				85A27A752B0FAF6E0066DA0F /* Realm */,
			);
			path = BusinessLogic;
			sourceTree = "<group>";
		};
		85A27A752B0FAF6E0066DA0F /* Realm */ = {
			isa = PBXGroup;
			children = (
				85A27A7E2B0FAFB40066DA0F /* RealmError.swift */,
				85A27A7C2B0FAFA60066DA0F /* RealmServise.swift */,
				858A599B2B20519E001643C7 /* Objects */,
				858A599A2B205199001643C7 /* Protocols */,
			);
			path = Realm;
			sourceTree = "<group>";
		};
		FB2A5357E70D30D9450F41CF /* Frameworks */ = {
			isa = PBXGroup;
			children = (
				DC2DEF7F1B3011E3B65C2586 /* Pods_Google_map_SwiftUI.framework */,
			);
			name = Frameworks;
			sourceTree = "<group>";
		};
/* End PBXGroup section */

/* Begin PBXNativeTarget section */
		8511E7262B04A4EC0092042A /* Google_map_SwiftUI */ = {
			isa = PBXNativeTarget;
			buildConfigurationList = 8511E7352B04A4ED0092042A /* Build configuration list for PBXNativeTarget "Google_map_SwiftUI" */;
			buildPhases = (
				989B3AF05CB45F58477ACBA1 /* [CP] Check Pods Manifest.lock */,
				8511E7232B04A4EC0092042A /* Sources */,
				8511E7242B04A4EC0092042A /* Frameworks */,
				8511E7252B04A4EC0092042A /* Resources */,
				B88F018A72AFDAE188442464 /* [CP] Copy Pods Resources */,
				817C08CD1EA7DEBA35B4C1F8 /* [CP] Embed Pods Frameworks */,
			);
			buildRules = (
			);
			dependencies = (
			);
			name = Google_map_SwiftUI;
			productName = Google_map_SwiftUI;
			productReference = 8511E7272B04A4EC0092042A /* Google_map_SwiftUI.app */;
			productType = "com.apple.product-type.application";
		};
/* End PBXNativeTarget section */

/* Begin PBXProject section */
		8511E71F2B04A4EC0092042A /* Project object */ = {
			isa = PBXProject;
			attributes = {
				BuildIndependentTargetsInParallel = 1;
				LastSwiftUpdateCheck = 1500;
				LastUpgradeCheck = 1500;
				TargetAttributes = {
					8511E7262B04A4EC0092042A = {
						CreatedOnToolsVersion = 15.0;
					};
				};
			};
			buildConfigurationList = 8511E7222B04A4EC0092042A /* Build configuration list for PBXProject "Google_map_SwiftUI" */;
			compatibilityVersion = "Xcode 14.0";
			developmentRegion = en;
			hasScannedForEncodings = 0;
			knownRegions = (
				en,
				Base,
			);
			mainGroup = 8511E71E2B04A4EC0092042A;
			productRefGroup = 8511E7282B04A4EC0092042A /* Products */;
			projectDirPath = "";
			projectRoot = "";
			targets = (
				8511E7262B04A4EC0092042A /* Google_map_SwiftUI */,
			);
		};
/* End PBXProject section */

/* Begin PBXResourcesBuildPhase section */
		8511E7252B04A4EC0092042A /* Resources */ = {
			isa = PBXResourcesBuildPhase;
			buildActionMask = 2147483647;
			files = (
				8511E7322B04A4ED0092042A /* Preview Assets.xcassets in Resources */,
				8511E72F2B04A4ED0092042A /* Assets.xcassets in Resources */,
			);
			runOnlyForDeploymentPostprocessing = 0;
		};
/* End PBXResourcesBuildPhase section */

/* Begin PBXShellScriptBuildPhase section */
		817C08CD1EA7DEBA35B4C1F8 /* [CP] Embed Pods Frameworks */ = {
			isa = PBXShellScriptBuildPhase;
			buildActionMask = 2147483647;
			files = (
			);
			inputFileListPaths = (
				"${PODS_ROOT}/Target Support Files/Pods-Google_map_SwiftUI/Pods-Google_map_SwiftUI-frameworks-${CONFIGURATION}-input-files.xcfilelist",
			);
			name = "[CP] Embed Pods Frameworks";
			outputFileListPaths = (
				"${PODS_ROOT}/Target Support Files/Pods-Google_map_SwiftUI/Pods-Google_map_SwiftUI-frameworks-${CONFIGURATION}-output-files.xcfilelist",
			);
			runOnlyForDeploymentPostprocessing = 0;
			shellPath = /bin/sh;
			shellScript = "\"${PODS_ROOT}/Target Support Files/Pods-Google_map_SwiftUI/Pods-Google_map_SwiftUI-frameworks.sh\"\n";
			showEnvVarsInLog = 0;
		};
		989B3AF05CB45F58477ACBA1 /* [CP] Check Pods Manifest.lock */ = {
			isa = PBXShellScriptBuildPhase;
			buildActionMask = 2147483647;
			files = (
			);
			inputFileListPaths = (
			);
			inputPaths = (
				"${PODS_PODFILE_DIR_PATH}/Podfile.lock",
				"${PODS_ROOT}/Manifest.lock",
			);
			name = "[CP] Check Pods Manifest.lock";
			outputFileListPaths = (
			);
			outputPaths = (
				"$(DERIVED_FILE_DIR)/Pods-Google_map_SwiftUI-checkManifestLockResult.txt",
			);
			runOnlyForDeploymentPostprocessing = 0;
			shellPath = /bin/sh;
			shellScript = "diff \"${PODS_PODFILE_DIR_PATH}/Podfile.lock\" \"${PODS_ROOT}/Manifest.lock\" > /dev/null\nif [ $? != 0 ] ; then\n    # print error to STDERR\n    echo \"error: The sandbox is not in sync with the Podfile.lock. Run 'pod install' or update your CocoaPods installation.\" >&2\n    exit 1\nfi\n# This output is used by Xcode 'outputs' to avoid re-running this script phase.\necho \"SUCCESS\" > \"${SCRIPT_OUTPUT_FILE_0}\"\n";
			showEnvVarsInLog = 0;
		};
		B88F018A72AFDAE188442464 /* [CP] Copy Pods Resources */ = {
			isa = PBXShellScriptBuildPhase;
			buildActionMask = 2147483647;
			files = (
			);
			inputFileListPaths = (
				"${PODS_ROOT}/Target Support Files/Pods-Google_map_SwiftUI/Pods-Google_map_SwiftUI-resources-${CONFIGURATION}-input-files.xcfilelist",
			);
			name = "[CP] Copy Pods Resources";
			outputFileListPaths = (
				"${PODS_ROOT}/Target Support Files/Pods-Google_map_SwiftUI/Pods-Google_map_SwiftUI-resources-${CONFIGURATION}-output-files.xcfilelist",
			);
			runOnlyForDeploymentPostprocessing = 0;
			shellPath = /bin/sh;
			shellScript = "\"${PODS_ROOT}/Target Support Files/Pods-Google_map_SwiftUI/Pods-Google_map_SwiftUI-resources.sh\"\n";
			showEnvVarsInLog = 0;
		};
/* End PBXShellScriptBuildPhase section */

/* Begin PBXSourcesBuildPhase section */
		8511E7232B04A4EC0092042A /* Sources */ = {
			isa = PBXSourcesBuildPhase;
			buildActionMask = 2147483647;
			files = (
				8511E72D2B04A4EC0092042A /* ContentView.swift in Sources */,
				85A27A772B0FAF850066DA0F /* DataBaseLocationProtocol.swift in Sources */,
				85A27A7F2B0FAFB40066DA0F /* RealmError.swift in Sources */,
				8506BC7B2B1DF8EC0058D1D4 /* UserManager.swift in Sources */,
				8511E73A2B04A8350092042A /* MapView.swift in Sources */,
				8506BC912B1E23800058D1D4 /* MainView.swift in Sources */,
				8511E72B2B04A4EC0092042A /* Google_map_SwiftUIApp.swift in Sources */,
				8511E73E2B04BA5D0092042A /* MapViewModel.swift in Sources */,
				858A59902B203F24001643C7 /* RegisterView.swift in Sources */,
				8506BC8E2B1E1DB20058D1D4 /* ForgotPasswordView.swift in Sources */,
				858A59A12B20521D001643C7 /* User.swift in Sources */,
				858A599D2B2051E0001643C7 /* DataBaseAuthProtocol.swift in Sources */,
				85A27A7B2B0FAF9C0066DA0F /* LocationRealmObject.swift in Sources */,
				8506BC7D2B1DFAF50058D1D4 /* LoginView.swift in Sources */,
				8506BC8C2B1E1D910058D1D4 /* LoginViewModel.swift in Sources */,
				85A27A7D2B0FAFA60066DA0F /* RealmServise.swift in Sources */,
				852C3BA22B07A19A0026ED2B /* CustomButton.swift in Sources */,
				8526F9C22B0688F000F1431F /* MapStyle.swift in Sources */,
				852C3B992B0762160026ED2B /* MapError.swift in Sources */,
				8506BC8A2B1E0A4D0058D1D4 /* Alerts.swift in Sources */,
				85A27A792B0FAF910066DA0F /* PathRealmObject.swift in Sources */,
				858A599F2B20520C001643C7 /* UserRealmObject.swift in Sources */,
			);
			runOnlyForDeploymentPostprocessing = 0;
		};
/* End PBXSourcesBuildPhase section */

/* Begin XCBuildConfiguration section */
		8511E7332B04A4ED0092042A /* Debug */ = {
			isa = XCBuildConfiguration;
			buildSettings = {
				ALWAYS_SEARCH_USER_PATHS = NO;
				ASSETCATALOG_COMPILER_GENERATE_SWIFT_ASSET_SYMBOL_EXTENSIONS = YES;
				CLANG_ANALYZER_NONNULL = YES;
				CLANG_ANALYZER_NUMBER_OBJECT_CONVERSION = YES_AGGRESSIVE;
				CLANG_CXX_LANGUAGE_STANDARD = "gnu++20";
				CLANG_ENABLE_MODULES = YES;
				CLANG_ENABLE_OBJC_ARC = YES;
				CLANG_ENABLE_OBJC_WEAK = YES;
				CLANG_WARN_BLOCK_CAPTURE_AUTORELEASING = YES;
				CLANG_WARN_BOOL_CONVERSION = YES;
				CLANG_WARN_COMMA = YES;
				CLANG_WARN_CONSTANT_CONVERSION = YES;
				CLANG_WARN_DEPRECATED_OBJC_IMPLEMENTATIONS = YES;
				CLANG_WARN_DIRECT_OBJC_ISA_USAGE = YES_ERROR;
				CLANG_WARN_DOCUMENTATION_COMMENTS = YES;
				CLANG_WARN_EMPTY_BODY = YES;
				CLANG_WARN_ENUM_CONVERSION = YES;
				CLANG_WARN_INFINITE_RECURSION = YES;
				CLANG_WARN_INT_CONVERSION = YES;
				CLANG_WARN_NON_LITERAL_NULL_CONVERSION = YES;
				CLANG_WARN_OBJC_IMPLICIT_RETAIN_SELF = YES;
				CLANG_WARN_OBJC_LITERAL_CONVERSION = YES;
				CLANG_WARN_OBJC_ROOT_CLASS = YES_ERROR;
				CLANG_WARN_QUOTED_INCLUDE_IN_FRAMEWORK_HEADER = YES;
				CLANG_WARN_RANGE_LOOP_ANALYSIS = YES;
				CLANG_WARN_STRICT_PROTOTYPES = YES;
				CLANG_WARN_SUSPICIOUS_MOVE = YES;
				CLANG_WARN_UNGUARDED_AVAILABILITY = YES_AGGRESSIVE;
				CLANG_WARN_UNREACHABLE_CODE = YES;
				CLANG_WARN__DUPLICATE_METHOD_MATCH = YES;
				COPY_PHASE_STRIP = NO;
				DEBUG_INFORMATION_FORMAT = dwarf;
				ENABLE_STRICT_OBJC_MSGSEND = YES;
				ENABLE_TESTABILITY = YES;
				ENABLE_USER_SCRIPT_SANDBOXING = NO;
				GCC_C_LANGUAGE_STANDARD = gnu17;
				GCC_DYNAMIC_NO_PIC = NO;
				GCC_NO_COMMON_BLOCKS = YES;
				GCC_OPTIMIZATION_LEVEL = 0;
				GCC_PREPROCESSOR_DEFINITIONS = (
					"DEBUG=1",
					"$(inherited)",
				);
				GCC_WARN_64_TO_32_BIT_CONVERSION = YES;
				GCC_WARN_ABOUT_RETURN_TYPE = YES_ERROR;
				GCC_WARN_UNDECLARED_SELECTOR = YES;
				GCC_WARN_UNINITIALIZED_AUTOS = YES_AGGRESSIVE;
				GCC_WARN_UNUSED_FUNCTION = YES;
				GCC_WARN_UNUSED_VARIABLE = YES;
				IPHONEOS_DEPLOYMENT_TARGET = 17.0;
				LOCALIZATION_PREFERS_STRING_CATALOGS = YES;
				MTL_ENABLE_DEBUG_INFO = INCLUDE_SOURCE;
				MTL_FAST_MATH = YES;
				ONLY_ACTIVE_ARCH = YES;
				SDKROOT = iphoneos;
				SWIFT_ACTIVE_COMPILATION_CONDITIONS = "DEBUG $(inherited)";
				SWIFT_OPTIMIZATION_LEVEL = "-Onone";
			};
			name = Debug;
		};
		8511E7342B04A4ED0092042A /* Release */ = {
			isa = XCBuildConfiguration;
			buildSettings = {
				ALWAYS_SEARCH_USER_PATHS = NO;
				ASSETCATALOG_COMPILER_GENERATE_SWIFT_ASSET_SYMBOL_EXTENSIONS = YES;
				CLANG_ANALYZER_NONNULL = YES;
				CLANG_ANALYZER_NUMBER_OBJECT_CONVERSION = YES_AGGRESSIVE;
				CLANG_CXX_LANGUAGE_STANDARD = "gnu++20";
				CLANG_ENABLE_MODULES = YES;
				CLANG_ENABLE_OBJC_ARC = YES;
				CLANG_ENABLE_OBJC_WEAK = YES;
				CLANG_WARN_BLOCK_CAPTURE_AUTORELEASING = YES;
				CLANG_WARN_BOOL_CONVERSION = YES;
				CLANG_WARN_COMMA = YES;
				CLANG_WARN_CONSTANT_CONVERSION = YES;
				CLANG_WARN_DEPRECATED_OBJC_IMPLEMENTATIONS = YES;
				CLANG_WARN_DIRECT_OBJC_ISA_USAGE = YES_ERROR;
				CLANG_WARN_DOCUMENTATION_COMMENTS = YES;
				CLANG_WARN_EMPTY_BODY = YES;
				CLANG_WARN_ENUM_CONVERSION = YES;
				CLANG_WARN_INFINITE_RECURSION = YES;
				CLANG_WARN_INT_CONVERSION = YES;
				CLANG_WARN_NON_LITERAL_NULL_CONVERSION = YES;
				CLANG_WARN_OBJC_IMPLICIT_RETAIN_SELF = YES;
				CLANG_WARN_OBJC_LITERAL_CONVERSION = YES;
				CLANG_WARN_OBJC_ROOT_CLASS = YES_ERROR;
				CLANG_WARN_QUOTED_INCLUDE_IN_FRAMEWORK_HEADER = YES;
				CLANG_WARN_RANGE_LOOP_ANALYSIS = YES;
				CLANG_WARN_STRICT_PROTOTYPES = YES;
				CLANG_WARN_SUSPICIOUS_MOVE = YES;
				CLANG_WARN_UNGUARDED_AVAILABILITY = YES_AGGRESSIVE;
				CLANG_WARN_UNREACHABLE_CODE = YES;
				CLANG_WARN__DUPLICATE_METHOD_MATCH = YES;
				COPY_PHASE_STRIP = NO;
				DEBUG_INFORMATION_FORMAT = "dwarf-with-dsym";
				ENABLE_NS_ASSERTIONS = NO;
				ENABLE_STRICT_OBJC_MSGSEND = YES;
				ENABLE_USER_SCRIPT_SANDBOXING = NO;
				GCC_C_LANGUAGE_STANDARD = gnu17;
				GCC_NO_COMMON_BLOCKS = YES;
				GCC_WARN_64_TO_32_BIT_CONVERSION = YES;
				GCC_WARN_ABOUT_RETURN_TYPE = YES_ERROR;
				GCC_WARN_UNDECLARED_SELECTOR = YES;
				GCC_WARN_UNINITIALIZED_AUTOS = YES_AGGRESSIVE;
				GCC_WARN_UNUSED_FUNCTION = YES;
				GCC_WARN_UNUSED_VARIABLE = YES;
				IPHONEOS_DEPLOYMENT_TARGET = 17.0;
				LOCALIZATION_PREFERS_STRING_CATALOGS = YES;
				MTL_ENABLE_DEBUG_INFO = NO;
				MTL_FAST_MATH = YES;
				SDKROOT = iphoneos;
				SWIFT_COMPILATION_MODE = wholemodule;
				VALIDATE_PRODUCT = YES;
			};
			name = Release;
		};
		8511E7362B04A4ED0092042A /* Debug */ = {
			isa = XCBuildConfiguration;
			baseConfigurationReference = 04FD1CAE479CF2642A1418CF /* Pods-Google_map_SwiftUI.debug.xcconfig */;
			buildSettings = {
				ASSETCATALOG_COMPILER_APPICON_NAME = AppIcon;
				ASSETCATALOG_COMPILER_GLOBAL_ACCENT_COLOR_NAME = AccentColor;
				CODE_SIGN_STYLE = Automatic;
				CURRENT_PROJECT_VERSION = 1;
				DEVELOPMENT_ASSET_PATHS = "\"Google_map_SwiftUI/Preview Content\"";
				DEVELOPMENT_TEAM = LFLMJ46Z7V;
				ENABLE_PREVIEWS = YES;
				GENERATE_INFOPLIST_FILE = YES;
				INFOPLIST_FILE = "Google-map-SwiftUI-Info.plist";
				INFOPLIST_KEY_NSLocationAlwaysAndWhenInUseUsageDescription = "Для определения вашей геолокации нам необходим доступ к вашему местоположению. Пожалуйста, выберите варианты  \"Всегда\" или \"При использовании приложения\".";
				INFOPLIST_KEY_NSLocationAlwaysUsageDescription = "Для определения вашей геолокации нам необходим доступ к вашему местоположению.";
				INFOPLIST_KEY_NSLocationWhenInUseUsageDescription = "Для определения вашей геолокации нам необходим доступ к вашему местоположению.";
				INFOPLIST_KEY_UIApplicationSceneManifest_Generation = YES;
				INFOPLIST_KEY_UIApplicationSupportsIndirectInputEvents = YES;
				INFOPLIST_KEY_UILaunchScreen_Generation = YES;
				INFOPLIST_KEY_UISupportedInterfaceOrientations_iPad = "UIInterfaceOrientationPortrait UIInterfaceOrientationPortraitUpsideDown UIInterfaceOrientationLandscapeLeft UIInterfaceOrientationLandscapeRight";
				INFOPLIST_KEY_UISupportedInterfaceOrientations_iPhone = "UIInterfaceOrientationPortrait UIInterfaceOrientationLandscapeLeft UIInterfaceOrientationLandscapeRight";
				LD_RUNPATH_SEARCH_PATHS = (
					"$(inherited)",
					"@executable_path/Frameworks",
				);
				MARKETING_VERSION = 1.0;
				PRODUCT_BUNDLE_IDENTIFIER = "Alex-Makey.Google-map-SwiftUI";
				PRODUCT_NAME = "$(TARGET_NAME)";
				SWIFT_EMIT_LOC_STRINGS = YES;
				SWIFT_VERSION = 5.0;
				TARGETED_DEVICE_FAMILY = "1,2";
			};
			name = Debug;
		};
		8511E7372B04A4ED0092042A /* Release */ = {
			isa = XCBuildConfiguration;
			baseConfigurationReference = E81FA07B0040771F5CE1C1EE /* Pods-Google_map_SwiftUI.release.xcconfig */;
			buildSettings = {
				ASSETCATALOG_COMPILER_APPICON_NAME = AppIcon;
				ASSETCATALOG_COMPILER_GLOBAL_ACCENT_COLOR_NAME = AccentColor;
				CODE_SIGN_STYLE = Automatic;
				CURRENT_PROJECT_VERSION = 1;
				DEVELOPMENT_ASSET_PATHS = "\"Google_map_SwiftUI/Preview Content\"";
				DEVELOPMENT_TEAM = LFLMJ46Z7V;
				ENABLE_PREVIEWS = YES;
				GENERATE_INFOPLIST_FILE = YES;
				INFOPLIST_FILE = "Google-map-SwiftUI-Info.plist";
				INFOPLIST_KEY_NSLocationAlwaysAndWhenInUseUsageDescription = "Для определения вашей геолокации нам необходим доступ к вашему местоположению. Пожалуйста, выберите варианты  \"Всегда\" или \"При использовании приложения\".";
				INFOPLIST_KEY_NSLocationAlwaysUsageDescription = "Для определения вашей геолокации нам необходим доступ к вашему местоположению.";
				INFOPLIST_KEY_NSLocationWhenInUseUsageDescription = "Для определения вашей геолокации нам необходим доступ к вашему местоположению.";
				INFOPLIST_KEY_UIApplicationSceneManifest_Generation = YES;
				INFOPLIST_KEY_UIApplicationSupportsIndirectInputEvents = YES;
				INFOPLIST_KEY_UILaunchScreen_Generation = YES;
				INFOPLIST_KEY_UISupportedInterfaceOrientations_iPad = "UIInterfaceOrientationPortrait UIInterfaceOrientationPortraitUpsideDown UIInterfaceOrientationLandscapeLeft UIInterfaceOrientationLandscapeRight";
				INFOPLIST_KEY_UISupportedInterfaceOrientations_iPhone = "UIInterfaceOrientationPortrait UIInterfaceOrientationLandscapeLeft UIInterfaceOrientationLandscapeRight";
				LD_RUNPATH_SEARCH_PATHS = (
					"$(inherited)",
					"@executable_path/Frameworks",
				);
				MARKETING_VERSION = 1.0;
				PRODUCT_BUNDLE_IDENTIFIER = "Alex-Makey.Google-map-SwiftUI";
				PRODUCT_NAME = "$(TARGET_NAME)";
				SWIFT_EMIT_LOC_STRINGS = YES;
				SWIFT_VERSION = 5.0;
				TARGETED_DEVICE_FAMILY = "1,2";
			};
			name = Release;
		};
/* End XCBuildConfiguration section */

/* Begin XCConfigurationList section */
		8511E7222B04A4EC0092042A /* Build configuration list for PBXProject "Google_map_SwiftUI" */ = {
			isa = XCConfigurationList;
			buildConfigurations = (
				8511E7332B04A4ED0092042A /* Debug */,
				8511E7342B04A4ED0092042A /* Release */,
			);
			defaultConfigurationIsVisible = 0;
			defaultConfigurationName = Release;
		};
		8511E7352B04A4ED0092042A /* Build configuration list for PBXNativeTarget "Google_map_SwiftUI" */ = {
			isa = XCConfigurationList;
			buildConfigurations = (
				8511E7362B04A4ED0092042A /* Debug */,
				8511E7372B04A4ED0092042A /* Release */,
			);
			defaultConfigurationIsVisible = 0;
			defaultConfigurationName = Release;
		};
/* End XCConfigurationList section */
	};
	rootObject = 8511E71F2B04A4EC0092042A /* Project object */;
}
